
Microsoft Visual Studio Solution File, Format Version 12.00
# Visual Studio 15
VisualStudioVersion = 15.0.28307.106
MinimumVisualStudioVersion = 10.0.40219.1
Project("{FAE04EC0-301F-11D3-BF4B-00C04F79EFBC}") = "App1", "App1\App1.csproj", "{B897D4AA-A8E7-432C-BC58-5F325AE4D3F3}"
EndProject
Global
	GlobalSection(SolutionConfigurationPlatforms) = preSolution
		Debug|Any CPU = Debug|Any CPU
		Release|Any CPU = Release|Any CPU
	EndGlobalSection
	GlobalSection(ProjectConfigurationPlatforms) = postSolution
		{B897D4AA-A8E7-432C-BC58-5F325AE4D3F3}.Debug|Any CPU.ActiveCfg = Debug|Any CPU
		{B897D4AA-A8E7-432C-BC58-5F325AE4D3F3}.Debug|Any CPU.Build.0 = Debug|Any CPU
		{B897D4AA-A8E7-432C-BC58-5F325AE4D3F3}.Release|Any CPU.ActiveCfg = Release|Any CPU
		{B897D4AA-A8E7-432C-BC58-5F325AE4D3F3}.Release|Any CPU.Build.0 = Release|Any CPU
	EndGlobalSection
	GlobalSection(SolutionProperties) = preSolution
		HideSolutionNode = FALSE
	EndGlobalSection
	GlobalSection(ExtensibilityGlobals) = postSolution
		SolutionGuid = {CF942D1C-E9F2-4C84-BD02-70CAB3B9C760}
	EndGlobalSection
EndGlobal
